
Microsoft Visual Studio Solution File, Format Version 12.00
# Visual Studio 14
VisualStudioVersion = 14.0.25123.0
MinimumVisualStudioVersion = 10.0.40219.1
Project("{2150E333-8FDC-42A3-9474-1A3956D46DE8}") = "[Addon] [CustomModPE]", "[Addon] [CustomModPE]", "{D107C447-8CB1-47A7-88A6-07536A7F0C58}"
EndProject
Project("{39E2626F-3545-4960-A6E8-258AD8476CE5}") = "[Addon] [CustomModPE].Packaging", "[Addon] [CustomModPE]\[Addon] [CustomModPE].Packaging\[Addon] [CustomModPE].Packaging.androidproj", "{CC93AF9E-36DC-4573-A1DB-80B487EC4161}"
EndProject
Project("{8BC9CEB8-8B4A-11D0-8D11-00A0C91BC942}") = "[Addon] [CustomModPE].NativeActivity", "[Addon] [CustomModPE]\[Addon] [CustomModPE].NativeActivity\[Addon] [CustomModPE].NativeActivity.vcxproj", "{25EA26DB-6CB1-4705-A01D-986E308B8A47}"
EndProject
Global
	GlobalSection(SolutionConfigurationPlatforms) = preSolution
		Debug|ARM = Debug|ARM
		Debug|ARM64 = Debug|ARM64
		Debug|x64 = Debug|x64
		Debug|x86 = Debug|x86
		Release|ARM = Release|ARM
		Release|ARM64 = Release|ARM64
		Release|x64 = Release|x64
		Release|x86 = Release|x86
	EndGlobalSection
	GlobalSection(ProjectConfigurationPlatforms) = postSolution
		{CC93AF9E-36DC-4573-A1DB-80B487EC4161}.Debug|ARM.ActiveCfg = Debug|ARM
		{CC93AF9E-36DC-4573-A1DB-80B487EC4161}.Debug|ARM.Build.0 = Debug|ARM
		{CC93AF9E-36DC-4573-A1DB-80B487EC4161}.Debug|ARM.Deploy.0 = Debug|ARM
		{CC93AF9E-36DC-4573-A1DB-80B487EC4161}.Debug|ARM64.ActiveCfg = Debug|ARM64
		{CC93AF9E-36DC-4573-A1DB-80B487EC4161}.Debug|ARM64.Build.0 = Debug|ARM64
		{CC93AF9E-36DC-4573-A1DB-80B487EC4161}.Debug|ARM64.Deploy.0 = Debug|ARM64
		{CC93AF9E-36DC-4573-A1DB-80B487EC4161}.Debug|x64.ActiveCfg = Debug|x64
		{CC93AF9E-36DC-4573-A1DB-80B487EC4161}.Debug|x64.Build.0 = Debug|x64
		{CC93AF9E-36DC-4573-A1DB-80B487EC4161}.Debug|x64.Deploy.0 = Debug|x64
		{CC93AF9E-36DC-4573-A1DB-80B487EC4161}.Debug|x86.ActiveCfg = Debug|x86
		{CC93AF9E-36DC-4573-A1DB-80B487EC4161}.Debug|x86.Build.0 = Debug|x86
		{CC93AF9E-36DC-4573-A1DB-80B487EC4161}.Debug|x86.Deploy.0 = Debug|x86
		{CC93AF9E-36DC-4573-A1DB-80B487EC4161}.Release|ARM.ActiveCfg = Release|ARM
		{CC93AF9E-36DC-4573-A1DB-80B487EC4161}.Release|ARM.Build.0 = Release|ARM
		{CC93AF9E-36DC-4573-A1DB-80B487EC4161}.Release|ARM.Deploy.0 = Release|ARM
		{CC93AF9E-36DC-4573-A1DB-80B487EC4161}.Release|ARM64.ActiveCfg = Release|ARM64
		{CC93AF9E-36DC-4573-A1DB-80B487EC4161}.Release|ARM64.Build.0 = Release|ARM64
		{CC93AF9E-36DC-4573-A1DB-80B487EC4161}.Release|ARM64.Deploy.0 = Release|ARM64
		{CC93AF9E-36DC-4573-A1DB-80B487EC4161}.Release|x64.ActiveCfg = Release|x64
		{CC93AF9E-36DC-4573-A1DB-80B487EC4161}.Release|x64.Build.0 = Release|x64
		{CC93AF9E-36DC-4573-A1DB-80B487EC4161}.Release|x64.Deploy.0 = Release|x64
		{CC93AF9E-36DC-4573-A1DB-80B487EC4161}.Release|x86.ActiveCfg = Release|x86
		{CC93AF9E-36DC-4573-A1DB-80B487EC4161}.Release|x86.Build.0 = Release|x86
		{CC93AF9E-36DC-4573-A1DB-80B487EC4161}.Release|x86.Deploy.0 = Release|x86
		{25EA26DB-6CB1-4705-A01D-986E308B8A47}.Debug|ARM.ActiveCfg = Debug|ARM
		{25EA26DB-6CB1-4705-A01D-986E308B8A47}.Debug|ARM.Build.0 = Debug|ARM
		{25EA26DB-6CB1-4705-A01D-986E308B8A47}.Debug|ARM64.ActiveCfg = Debug|ARM64
		{25EA26DB-6CB1-4705-A01D-986E308B8A47}.Debug|ARM64.Build.0 = Debug|ARM64
		{25EA26DB-6CB1-4705-A01D-986E308B8A47}.Debug|x64.ActiveCfg = Debug|x64
		{25EA26DB-6CB1-4705-A01D-986E308B8A47}.Debug|x64.Build.0 = Debug|x64
		{25EA26DB-6CB1-4705-A01D-986E308B8A47}.Debug|x86.ActiveCfg = Debug|x86
		{25EA26DB-6CB1-4705-A01D-986E308B8A47}.Debug|x86.Build.0 = Debug|x86
		{25EA26DB-6CB1-4705-A01D-986E308B8A47}.Release|ARM.ActiveCfg = Release|ARM
		{25EA26DB-6CB1-4705-A01D-986E308B8A47}.Release|ARM.Build.0 = Release|ARM
		{25EA26DB-6CB1-4705-A01D-986E308B8A47}.Release|ARM64.ActiveCfg = Release|ARM64
		{25EA26DB-6CB1-4705-A01D-986E308B8A47}.Release|ARM64.Build.0 = Release|ARM64
		{25EA26DB-6CB1-4705-A01D-986E308B8A47}.Release|x64.ActiveCfg = Release|x64
		{25EA26DB-6CB1-4705-A01D-986E308B8A47}.Release|x64.Build.0 = Release|x64
		{25EA26DB-6CB1-4705-A01D-986E308B8A47}.Release|x86.ActiveCfg = Release|x86
		{25EA26DB-6CB1-4705-A01D-986E308B8A47}.Release|x86.Build.0 = Release|x86
	EndGlobalSection
	GlobalSection(SolutionProperties) = preSolution
		HideSolutionNode = FALSE
	EndGlobalSection
	GlobalSection(NestedProjects) = preSolution
		{CC93AF9E-36DC-4573-A1DB-80B487EC4161} = {D107C447-8CB1-47A7-88A6-07536A7F0C58}
		{25EA26DB-6CB1-4705-A01D-986E308B8A47} = {D107C447-8CB1-47A7-88A6-07536A7F0C58}
	EndGlobalSection
EndGlobal
